// !$*UTF8*$!
{
	archiveVersion = 1;
	classes = {
	};
	objectVersion = 46;
	objects = {

/* Begin PBXBuildFile section */
		7E1703DF1E7639F4006B38A3 /* AppDelegate.swift in Sources */ = {isa = PBXBuildFile; fileRef = 7E1703DE1E7639F4006B38A3 /* AppDelegate.swift */; };
		7E1703E11E7639F4006B38A3 /* ViewController.swift in Sources */ = {isa = PBXBuildFile; fileRef = 7E1703E01E7639F4006B38A3 /* ViewController.swift */; };
		7E1703E41E7639F4006B38A3 /* Main.storyboard in Resources */ = {isa = PBXBuildFile; fileRef = 7E1703E21E7639F4006B38A3 /* Main.storyboard */; };
		7E1703E61E7639F4006B38A3 /* Assets.xcassets in Resources */ = {isa = PBXBuildFile; fileRef = 7E1703E51E7639F4006B38A3 /* Assets.xcassets */; };
		7E1703E91E7639F4006B38A3 /* LaunchScreen.storyboard in Resources */ = {isa = PBXBuildFile; fileRef = 7E1703E71E7639F4006B38A3 /* LaunchScreen.storyboard */; };
		7E1703F41E7639F4006B38A3 /* add_0313_01Tests.swift in Sources */ = {isa = PBXBuildFile; fileRef = 7E1703F31E7639F4006B38A3 /* add_0313_01Tests.swift */; };
		7E1703FF1E7639F5006B38A3 /* add_0313_01UITests.swift in Sources */ = {isa = PBXBuildFile; fileRef = 7E1703FE1E7639F5006B38A3 /* add_0313_01UITests.swift */; };
/* End PBXBuildFile section */

/* Begin PBXContainerItemProxy section */
		7E1703F01E7639F4006B38A3 /* PBXContainerItemProxy */ = {
			isa = PBXContainerItemProxy;
			containerPortal = 7E1703D31E7639F4006B38A3 /* Project object */;
			proxyType = 1;
			remoteGlobalIDString = 7E1703DA1E7639F4006B38A3;
			remoteInfo = "add-0313-01";
		};
		7E1703FB1E7639F4006B38A3 /* PBXContainerItemProxy */ = {
			isa = PBXContainerItemProxy;
			containerPortal = 7E1703D31E7639F4006B38A3 /* Project object */;
			proxyType = 1;
			remoteGlobalIDString = 7E1703DA1E7639F4006B38A3;
			remoteInfo = "add-0313-01";
		};
/* End PBXContainerItemProxy section */

/* Begin PBXFileReference section */
		7E1703DB1E7639F4006B38A3 /* add-0313-01.app */ = {isa = PBXFileReference; explicitFileType = wrapper.application; includeInIndex = 0; path = "add-0313-01.app"; sourceTree = BUILT_PRODUCTS_DIR; };
		7E1703DE1E7639F4006B38A3 /* AppDelegate.swift */ = {isa = PBXFileReference; lastKnownFileType = sourcecode.swift; path = AppDelegate.swift; sourceTree = "<group>"; };
		7E1703E01E7639F4006B38A3 /* ViewController.swift */ = {isa = PBXFileReference; lastKnownFileType = sourcecode.swift; path = ViewController.swift; sourceTree = "<group>"; };
		7E1703E31E7639F4006B38A3 /* Base */ = {isa = PBXFileReference; lastKnownFileType = file.storyboard; name = Base; path = Base.lproj/Main.storyboard; sourceTree = "<group>"; };
		7E1703E51E7639F4006B38A3 /* Assets.xcassets */ = {isa = PBXFileReference; lastKnownFileType = folder.assetcatalog; path = Assets.xcassets; sourceTree = "<group>"; };
		7E1703E81E7639F4006B38A3 /* Base */ = {isa = PBXFileReference; lastKnownFileType = file.storyboard; name = Base; path = Base.lproj/LaunchScreen.storyboard; sourceTree = "<group>"; };
		7E1703EA1E7639F4006B38A3 /* Info.plist */ = {isa = PBXFileReference; lastKnownFileType = text.plist.xml; path = Info.plist; sourceTree = "<group>"; };
		7E1703EF1E7639F4006B38A3 /* add-0313-01Tests.xctest */ = {isa = PBXFileReference; explicitFileType = wrapper.cfbundle; includeInIndex = 0; path = "add-0313-01Tests.xctest"; sourceTree = BUILT_PRODUCTS_DIR; };
		7E1703F31E7639F4006B38A3 /* add_0313_01Tests.swift */ = {isa = PBXFileReference; lastKnownFileType = sourcecode.swift; path = add_0313_01Tests.swift; sourceTree = "<group>"; };
		7E1703F51E7639F4006B38A3 /* Info.plist */ = {isa = PBXFileReference; lastKnownFileType = text.plist.xml; path = Info.plist; sourceTree = "<group>"; };
		7E1703FA1E7639F4006B38A3 /* add-0313-01UITests.xctest */ = {isa = PBXFileReference; explicitFileType = wrapper.cfbundle; includeInIndex = 0; path = "add-0313-01UITests.xctest"; sourceTree = BUILT_PRODUCTS_DIR; };
		7E1703FE1E7639F5006B38A3 /* add_0313_01UITests.swift */ = {isa = PBXFileReference; lastKnownFileType = sourcecode.swift; path = add_0313_01UITests.swift; sourceTree = "<group>"; };
		7E1704001E7639F5006B38A3 /* Info.plist */ = {isa = PBXFileReference; lastKnownFileType = text.plist.xml; path = Info.plist; sourceTree = "<group>"; };
/* End PBXFileReference section */

/* Begin PBXFrameworksBuildPhase section */
		7E1703D81E7639F4006B38A3 /* Frameworks */ = {
			isa = PBXFrameworksBuildPhase;
			buildActionMask = 2147483647;
			files = (
			);
			runOnlyForDeploymentPostprocessing = 0;
		};
		7E1703EC1E7639F4006B38A3 /* Frameworks */ = {
			isa = PBXFrameworksBuildPhase;
			buildActionMask = 2147483647;
			files = (
			);
			runOnlyForDeploymentPostprocessing = 0;
		};
		7E1703F71E7639F4006B38A3 /* Frameworks */ = {
			isa = PBXFrameworksBuildPhase;
			buildActionMask = 2147483647;
			files = (
			);
			runOnlyForDeploymentPostprocessing = 0;
		};
/* End PBXFrameworksBuildPhase section */

/* Begin PBXGroup section */
		7E1703D21E7639F4006B38A3 = {
			isa = PBXGroup;
			children = (
				7E1703DD1E7639F4006B38A3 /* add-0313-01 */,
				7E1703F21E7639F4006B38A3 /* add-0313-01Tests */,
				7E1703FD1E7639F4006B38A3 /* add-0313-01UITests */,
				7E1703DC1E7639F4006B38A3 /* Products */,
			);
			sourceTree = "<group>";
		};
		7E1703DC1E7639F4006B38A3 /* Products */ = {
			isa = PBXGroup;
			children = (
				7E1703DB1E7639F4006B38A3 /* add-0313-01.app */,
				7E1703EF1E7639F4006B38A3 /* add-0313-01Tests.xctest */,
				7E1703FA1E7639F4006B38A3 /* add-0313-01UITests.xctest */,
			);
			name = Products;
			sourceTree = "<group>";
		};
		7E1703DD1E7639F4006B38A3 /* add-0313-01 */ = {
			isa = PBXGroup;
			children = (
				7E1703DE1E7639F4006B38A3 /* AppDelegate.swift */,
				7E1703E01E7639F4006B38A3 /* ViewController.swift */,
				7E1703E21E7639F4006B38A3 /* Main.storyboard */,
				7E1703E51E7639F4006B38A3 /* Assets.xcassets */,
				7E1703E71E7639F4006B38A3 /* LaunchScreen.storyboard */,
				7E1703EA1E7639F4006B38A3 /* Info.plist */,
			);
			path = "add-0313-01";
			sourceTree = "<group>";
		};
		7E1703F21E7639F4006B38A3 /* add-0313-01Tests */ = {
			isa = PBXGroup;
			children = (
				7E1703F31E7639F4006B38A3 /* add_0313_01Tests.swift */,
				7E1703F51E7639F4006B38A3 /* Info.plist */,
			);
			path = "add-0313-01Tests";
			sourceTree = "<group>";
		};
		7E1703FD1E7639F4006B38A3 /* add-0313-01UITests */ = {
			isa = PBXGroup;
			children = (
				7E1703FE1E7639F5006B38A3 /* add_0313_01UITests.swift */,
				7E1704001E7639F5006B38A3 /* Info.plist */,
			);
			path = "add-0313-01UITests";
			sourceTree = "<group>";
		};
/* End PBXGroup section */

/* Begin PBXNativeTarget section */
		7E1703DA1E7639F4006B38A3 /* add-0313-01 */ = {
			isa = PBXNativeTarget;
			buildConfigurationList = 7E1704031E7639F5006B38A3 /* Build configuration list for PBXNativeTarget "add-0313-01" */;
			buildPhases = (
				7E1703D71E7639F4006B38A3 /* Sources */,
				7E1703D81E7639F4006B38A3 /* Frameworks */,
				7E1703D91E7639F4006B38A3 /* Resources */,
			);
			buildRules = (
			);
			dependencies = (
			);
			name = "add-0313-01";
			productName = "add-0313-01";
			productReference = 7E1703DB1E7639F4006B38A3 /* add-0313-01.app */;
			productType = "com.apple.product-type.application";
		};
		7E1703EE1E7639F4006B38A3 /* add-0313-01Tests */ = {
			isa = PBXNativeTarget;
			buildConfigurationList = 7E1704061E7639F5006B38A3 /* Build configuration list for PBXNativeTarget "add-0313-01Tests" */;
			buildPhases = (
				7E1703EB1E7639F4006B38A3 /* Sources */,
				7E1703EC1E7639F4006B38A3 /* Frameworks */,
				7E1703ED1E7639F4006B38A3 /* Resources */,
			);
			buildRules = (
			);
			dependencies = (
				7E1703F11E7639F4006B38A3 /* PBXTargetDependency */,
			);
			name = "add-0313-01Tests";
			productName = "add-0313-01Tests";
			productReference = 7E1703EF1E7639F4006B38A3 /* add-0313-01Tests.xctest */;
			productType = "com.apple.product-type.bundle.unit-test";
		};
		7E1703F91E7639F4006B38A3 /* add-0313-01UITests */ = {
			isa = PBXNativeTarget;
			buildConfigurationList = 7E1704091E7639F5006B38A3 /* Build configuration list for PBXNativeTarget "add-0313-01UITests" */;
			buildPhases = (
				7E1703F61E7639F4006B38A3 /* Sources */,
				7E1703F71E7639F4006B38A3 /* Frameworks */,
				7E1703F81E7639F4006B38A3 /* Resources */,
			);
			buildRules = (
			);
			dependencies = (
				7E1703FC1E7639F4006B38A3 /* PBXTargetDependency */,
			);
			name = "add-0313-01UITests";
			productName = "add-0313-01UITests";
			productReference = 7E1703FA1E7639F4006B38A3 /* add-0313-01UITests.xctest */;
			productType = "com.apple.product-type.bundle.ui-testing";
		};
/* End PBXNativeTarget section */

/* Begin PBXProject section */
		7E1703D31E7639F4006B38A3 /* Project object */ = {
			isa = PBXProject;
			attributes = {
				LastSwiftUpdateCheck = 0820;
				LastUpgradeCheck = 0820;
				ORGANIZATIONNAME = s20151104698;
				TargetAttributes = {
					7E1703DA1E7639F4006B38A3 = {
						CreatedOnToolsVersion = 8.2.1;
						DevelopmentTeam = 843W3WY8RV;
						ProvisioningStyle = Automatic;
					};
					7E1703EE1E7639F4006B38A3 = {
						CreatedOnToolsVersion = 8.2.1;
						ProvisioningStyle = Automatic;
						TestTargetID = 7E1703DA1E7639F4006B38A3;
					};
					7E1703F91E7639F4006B38A3 = {
						CreatedOnToolsVersion = 8.2.1;
						ProvisioningStyle = Automatic;
						TestTargetID = 7E1703DA1E7639F4006B38A3;
					};
				};
			};
			buildConfigurationList = 7E1703D61E7639F4006B38A3 /* Build configuration list for PBXProject "add-0313-01" */;
			compatibilityVersion = "Xcode 3.2";
			developmentRegion = English;
			hasScannedForEncodings = 0;
			knownRegions = (
				en,
				Base,
			);
			mainGroup = 7E1703D21E7639F4006B38A3;
			productRefGroup = 7E1703DC1E7639F4006B38A3 /* Products */;
			projectDirPath = "";
			projectRoot = "";
			targets = (
				7E1703DA1E7639F4006B38A3 /* add-0313-01 */,
				7E1703EE1E7639F4006B38A3 /* add-0313-01Tests */,
				7E1703F91E7639F4006B38A3 /* add-0313-01UITests */,
			);
		};
/* End PBXProject section */

/* Begin PBXResourcesBuildPhase section */
		7E1703D91E7639F4006B38A3 /* Resources */ = {
			isa = PBXResourcesBuildPhase;
			buildActionMask = 2147483647;
			files = (
				7E1703E91E7639F4006B38A3 /* LaunchScreen.storyboard in Resources */,
				7E1703E61E7639F4006B38A3 /* Assets.xcassets in Resources */,
				7E1703E41E7639F4006B38A3 /* Main.storyboard in Resources */,
			);
			runOnlyForDeploymentPostprocessing = 0;
		};
		7E1703ED1E7639F4006B38A3 /* Resources */ = {
			isa = PBXResourcesBuildPhase;
			buildActionMask = 2147483647;
			files = (
			);
			runOnlyForDeploymentPostprocessing = 0;
		};
		7E1703F81E7639F4006B38A3 /* Resources */ = {
			isa = PBXResourcesBuildPhase;
			buildActionMask = 2147483647;
			files = (
			);
			runOnlyForDeploymentPostprocessing = 0;
		};
/* End PBXResourcesBuildPhase section */

/* Begin PBXSourcesBuildPhase section */
		7E1703D71E7639F4006B38A3 /* Sources */ = {
			isa = PBXSourcesBuildPhase;
			buildActionMask = 2147483647;
			files = (
				7E1703E11E7639F4006B38A3 /* ViewController.swift in Sources */,
				7E1703DF1E7639F4006B38A3 /* AppDelegate.swift in Sources */,
			);
			runOnlyForDeploymentPostprocessing = 0;
		};
		7E1703EB1E7639F4006B38A3 /* Sources */ = {
			isa = PBXSourcesBuildPhase;
			buildActionMask = 2147483647;
			files = (
				7E1703F41E7639F4006B38A3 /* add_0313_01Tests.swift in Sources */,
			);
			runOnlyForDeploymentPostprocessing = 0;
		};
		7E1703F61E7639F4006B38A3 /* Sources */ = {
			isa = PBXSourcesBuildPhase;
			buildActionMask = 2147483647;
			files = (
				7E1703FF1E7639F5006B38A3 /* add_0313_01UITests.swift in Sources */,
			);
			runOnlyForDeploymentPostprocessing = 0;
		};
/* End PBXSourcesBuildPhase section */

/* Begin PBXTargetDependency section */
		7E1703F11E7639F4006B38A3 /* PBXTargetDependency */ = {
			isa = PBXTargetDependency;
			target = 7E1703DA1E7639F4006B38A3 /* add-0313-01 */;
			targetProxy = 7E1703F01E7639F4006B38A3 /* PBXContainerItemProxy */;
		};
		7E1703FC1E7639F4006B38A3 /* PBXTargetDependency */ = {
			isa = PBXTargetDependency;
			target = 7E1703DA1E7639F4006B38A3 /* add-0313-01 */;
			targetProxy = 7E1703FB1E7639F4006B38A3 /* PBXContainerItemProxy */;
		};
/* End PBXTargetDependency section */

/* Begin PBXVariantGroup section */
		7E1703E21E7639F4006B38A3 /* Main.storyboard */ = {
			isa = PBXVariantGroup;
			children = (
				7E1703E31E7639F4006B38A3 /* Base */,
			);
			name = Main.storyboard;
			sourceTree = "<group>";
		};
		7E1703E71E7639F4006B38A3 /* LaunchScreen.storyboard */ = {
			isa = PBXVariantGroup;
			children = (
				7E1703E81E7639F4006B38A3 /* Base */,
			);
			name = LaunchScreen.storyboard;
			sourceTree = "<group>";
		};
/* End PBXVariantGroup section */

/* Begin XCBuildConfiguration section */
		7E1704011E7639F5006B38A3 /* Debug */ = {
			isa = XCBuildConfiguration;
			buildSettings = {
				ALWAYS_SEARCH_USER_PATHS = NO;
				CLANG_ANALYZER_NONNULL = YES;
				CLANG_CXX_LANGUAGE_STANDARD = "gnu++0x";
				CLANG_CXX_LIBRARY = "libc++";
				CLANG_ENABLE_MODULES = YES;
				CLANG_ENABLE_OBJC_ARC = YES;
				CLANG_WARN_BOOL_CONVERSION = YES;
				CLANG_WARN_CONSTANT_CONVERSION = YES;
				CLANG_WARN_DIRECT_OBJC_ISA_USAGE = YES_ERROR;
				CLANG_WARN_DOCUMENTATION_COMMENTS = YES;
				CLANG_WARN_EMPTY_BODY = YES;
				CLANG_WARN_ENUM_CONVERSION = YES;
				CLANG_WARN_INFINITE_RECURSION = YES;
				CLANG_WARN_INT_CONVERSION = YES;
				CLANG_WARN_OBJC_ROOT_CLASS = YES_ERROR;
				CLANG_WARN_SUSPICIOUS_MOVE = YES;
				CLANG_WARN_UNREACHABLE_CODE = YES;
				CLANG_WARN__DUPLICATE_METHOD_MATCH = YES;
				"CODE_SIGN_IDENTITY[sdk=iphoneos*]" = "iPhone Developer";
				COPY_PHASE_STRIP = NO;
				DEBUG_INFORMATION_FORMAT = dwarf;
				ENABLE_STRICT_OBJC_MSGSEND = YES;
				ENABLE_TESTABILITY = YES;
				GCC_C_LANGUAGE_STANDARD = gnu99;
				GCC_DYNAMIC_NO_PIC = NO;
				GCC_NO_COMMON_BLOCKS = YES;
				GCC_OPTIMIZATION_LEVEL = 0;
				GCC_PREPROCESSOR_DEFINITIONS = (
					"DEBUG=1",
					"$(inherited)",
				);
				GCC_WARN_64_TO_32_BIT_CONVERSION = YES;
				GCC_WARN_ABOUT_RETURN_TYPE = YES_ERROR;
				GCC_WARN_UNDECLARED_SELECTOR = YES;
				GCC_WARN_UNINITIALIZED_AUTOS = YES_AGGRESSIVE;
				GCC_WARN_UNUSED_FUNCTION = YES;
				GCC_WARN_UNUSED_VARIABLE = YES;
				IPHONEOS_DEPLOYMENT_TARGET = 10.2;
				MTL_ENABLE_DEBUG_INFO = YES;
				ONLY_ACTIVE_ARCH = YES;
				SDKROOT = iphoneos;
				SWIFT_ACTIVE_COMPILATION_CONDITIONS = DEBUG;
				SWIFT_OPTIMIZATION_LEVEL = "-Onone";
				TARGETED_DEVICE_FAMILY = "1,2";
			};
			name = Debug;
		};
		7E1704021E7639F5006B38A3 /* Release */ = {
			isa = XCBuildConfiguration;
			buildSettings = {
				ALWAYS_SEARCH_USER_PATHS = NO;
				CLANG_ANALYZER_NONNULL = YES;
				CLANG_CXX_LANGUAGE_STANDARD = "gnu++0x";
				CLANG_CXX_LIBRARY = "libc++";
				CLANG_ENABLE_MODULES = YES;
				CLANG_ENABLE_OBJC_ARC = YES;
				CLANG_WARN_BOOL_CONVERSION = YES;
				CLANG_WARN_CONSTANT_CONVERSION = YES;
				CLANG_WARN_DIRECT_OBJC_ISA_USAGE = YES_ERROR;
				CLANG_WARN_DOCUMENTATION_COMMENTS = YES;
				CLANG_WARN_EMPTY_BODY = YES;
				CLANG_WARN_ENUM_CONVERSION = YES;
				CLANG_WARN_INFINITE_RECURSION = YES;
				CLANG_WARN_INT_CONVERSION = YES;
				CLANG_WARN_OBJC_ROOT_CLASS = YES_ERROR;
				CLANG_WARN_SUSPICIOUS_MOVE = YES;
				CLANG_WARN_UNREACHABLE_CODE = YES;
				CLANG_WARN__DUPLICATE_METHOD_MATCH = YES;
				"CODE_SIGN_IDENTITY[sdk=iphoneos*]" = "iPhone Developer";
				COPY_PHASE_STRIP = NO;
				DEBUG_INFORMATION_FORMAT = "dwarf-with-dsym";
				ENABLE_NS_ASSERTIONS = NO;
				ENABLE_STRICT_OBJC_MSGSEND = YES;
				GCC_C_LANGUAGE_STANDARD = gnu99;
				GCC_NO_COMMON_BLOCKS = YES;
				GCC_WARN_64_TO_32_BIT_CONVERSION = YES;
				GCC_WARN_ABOUT_RETURN_TYPE = YES_ERROR;
				GCC_WARN_UNDECLARED_SELECTOR = YES;
				GCC_WARN_UNINITIALIZED_AUTOS = YES_AGGRESSIVE;
				GCC_WARN_UNUSED_FUNCTION = YES;
				GCC_WARN_UNUSED_VARIABLE = YES;
				IPHONEOS_DEPLOYMENT_TARGET = 10.2;
				MTL_ENABLE_DEBUG_INFO = NO;
				SDKROOT = iphoneos;
				SWIFT_OPTIMIZATION_LEVEL = "-Owholemodule";
				TARGETED_DEVICE_FAMILY = "1,2";
				VALIDATE_PRODUCT = YES;
			};
			name = Release;
		};
		7E1704041E7639F5006B38A3 /* Debug */ = {
			isa = XCBuildConfiguration;
			buildSettings = {
				ASSETCATALOG_COMPILER_APPICON_NAME = AppIcon;
				DEVELOPMENT_TEAM = 843W3WY8RV;
				INFOPLIST_FILE = "add-0313-01/Info.plist";
				IPHONEOS_DEPLOYMENT_TARGET = 9.2;
				LD_RUNPATH_SEARCH_PATHS = "$(inherited) @executable_path/Frameworks";
				PRODUCT_BUNDLE_IDENTIFIER = "www.imnu.edu.cn.add-0313-01";
				PRODUCT_NAME = "$(TARGET_NAME)";
				SWIFT_VERSION = 3.0;
			};
			name = Debug;
		};
		7E1704051E7639F5006B38A3 /* Release */ = {
			isa = XCBuildConfiguration;
			buildSettings = {
				ASSETCATALOG_COMPILER_APPICON_NAME = AppIcon;
				DEVELOPMENT_TEAM = 843W3WY8RV;
				INFOPLIST_FILE = "add-0313-01/Info.plist";
				IPHONEOS_DEPLOYMENT_TARGET = 9.2;
				LD_RUNPATH_SEARCH_PATHS = "$(inherited) @executable_path/Frameworks";
				PRODUCT_BUNDLE_IDENTIFIER = "www.imnu.edu.cn.add-0313-01";
				PRODUCT_NAME = "$(TARGET_NAME)";
				SWIFT_VERSION = 3.0;
			};
			name = Release;
		};
		7E1704071E7639F5006B38A3 /* Debug */ = {
			isa = XCBuildConfiguration;
			buildSettings = {
				ALWAYS_EMBED_SWIFT_STANDARD_LIBRARIES = YES;
				BUNDLE_LOADER = "$(TEST_HOST)";
				INFOPLIST_FILE = "add-0313-01Tests/Info.plist";
				LD_RUNPATH_SEARCH_PATHS = "$(inherited) @executable_path/Frameworks @loader_path/Frameworks";
				PRODUCT_BUNDLE_IDENTIFIER = "www.imnu.edu.cn.add-0313-01Tests";
				PRODUCT_NAME = "$(TARGET_NAME)";
				SWIFT_VERSION = 3.0;
				TEST_HOST = "$(BUILT_PRODUCTS_DIR)/add-0313-01.app/add-0313-01";
			};
			name = Debug;
		};
		7E1704081E7639F5006B38A3 /* Release */ = {
			isa = XCBuildConfiguration;
			buildSettings = {
				ALWAYS_EMBED_SWIFT_STANDARD_LIBRARIES = YES;
				BUNDLE_LOADER = "$(TEST_HOST)";
				INFOPLIST_FILE = "add-0313-01Tests/Info.plist";
				LD_RUNPATH_SEARCH_PATHS = "$(inherited) @executable_path/Frameworks @loader_path/Frameworks";
				PRODUCT_BUNDLE_IDENTIFIER = "www.imnu.edu.cn.add-0313-01Tests";
				PRODUCT_NAME = "$(TARGET_NAME)";
				SWIFT_VERSION = 3.0;
				TEST_HOST = "$(BUILT_PRODUCTS_DIR)/add-0313-01.app/add-0313-01";
			};
			name = Release;
		};
		7E17040A1E7639F5006B38A3 /* Debug */ = {
			isa = XCBuildConfiguration;
			buildSettings = {
				ALWAYS_EMBED_SWIFT_STANDARD_LIBRARIES = YES;
				INFOPLIST_FILE = "add-0313-01UITests/Info.plist";
				LD_RUNPATH_SEARCH_PATHS = "$(inherited) @executable_path/Frameworks @loader_path/Frameworks";
				PRODUCT_BUNDLE_IDENTIFIER = "www.imnu.edu.cn.add-0313-01UITests";
				PRODUCT_NAME = "$(TARGET_NAME)";
				SWIFT_VERSION = 3.0;
				TEST_TARGET_NAME = "add-0313-01";
			};
			name = Debug;
		};
		7E17040B1E7639F5006B38A3 /* Release */ = {
			isa = XCBuildConfiguration;
			buildSettings = {
				ALWAYS_EMBED_SWIFT_STANDARD_LIBRARIES = YES;
				INFOPLIST_FILE = "add-0313-01UITests/Info.plist";
				LD_RUNPATH_SEARCH_PATHS = "$(inherited) @executable_path/Frameworks @loader_path/Frameworks";
				PRODUCT_BUNDLE_IDENTIFIER = "www.imnu.edu.cn.add-0313-01UITests";
				PRODUCT_NAME = "$(TARGET_NAME)";
				SWIFT_VERSION = 3.0;
				TEST_TARGET_NAME = "add-0313-01";
			};
			name = Release;
		};
/* End XCBuildConfiguration section */

/* Begin XCConfigurationList section */
		7E1703D61E7639F4006B38A3 /* Build configuration list for PBXProject "add-0313-01" */ = {
			isa = XCConfigurationList;
			buildConfigurations = (
				7E1704011E7639F5006B38A3 /* Debug */,
				7E1704021E7639F5006B38A3 /* Release */,
			);
			defaultConfigurationIsVisible = 0;
			defaultConfigurationName = Release;
		};
		7E1704031E7639F5006B38A3 /* Build configuration list for PBXNativeTarget "add-0313-01" */ = {
			isa = XCConfigurationList;
			buildConfigurations = (
				7E1704041E7639F5006B38A3 /* Debug */,
				7E1704051E7639F5006B38A3 /* Release */,
			);
			defaultConfigurationIsVisible = 0;
			defaultConfigurationName = Release;
		};
		7E1704061E7639F5006B38A3 /* Build configuration list for PBXNativeTarget "add-0313-01Tests" */ = {
			isa = XCConfigurationList;
			buildConfigurations = (
				7E1704071E7639F5006B38A3 /* Debug */,
				7E1704081E7639F5006B38A3 /* Release */,
			);
			defaultConfigurationIsVisible = 0;
			defaultConfigurationName = Release;
		};
		7E1704091E7639F5006B38A3 /* Build configuration list for PBXNativeTarget "add-0313-01UITests" */ = {
			isa = XCConfigurationList;
			buildConfigurations = (
				7E17040A1E7639F5006B38A3 /* Debug */,
				7E17040B1E7639F5006B38A3 /* Release */,
			);
			defaultConfigurationIsVisible = 0;
			defaultConfigurationName = Release;
		};
/* End XCConfigurationList section */
	};
	rootObject = 7E1703D31E7639F4006B38A3 /* Project object */;
}
